// !$*UTF8*$!
{
	archiveVersion = 1;
	classes = {
	};
	objectVersion = 77;
	objects = {

/* Begin PBXBuildFile section */
		0503EF347D265287730D48F3 /* Keychain.swift in Sources */ = {isa = PBXBuildFile; fileRef = 86D5940FC4D29E44FECC0F18 /* Keychain.swift */; };
		0B88CB125F7F9FA13FF2B717 /* ReplyComposerView.swift in Sources */ = {isa = PBXBuildFile; fileRef = 9FC14234670B98358BD37630 /* ReplyComposerView.swift */; };
		10C3FC90601D60A18074A481 /* GlideDirection.swift in Sources */ = {isa = PBXBuildFile; fileRef = B82E4899D71A77E2BF76C92A /* GlideDirection.swift */; };
		129C9B0C4DE2533D63AC3EC5 /* DeckView.swift in Sources */ = {isa = PBXBuildFile; fileRef = 26887FF1E407D2D7CDECF086 /* DeckView.swift */; };
		297C14DA4CE9641A2CBF200B /* GmailOAuthConfig.swift in Sources */ = {isa = PBXBuildFile; fileRef = 3F8DBAD779AEDF5D7981DC50 /* GmailOAuthConfig.swift */; };
		3AE0EFCFF27DCB35A9E3FB5B /* SidebarView.swift in Sources */ = {isa = PBXBuildFile; fileRef = 5AF7E24B6580EC6FEF659CAE /* SidebarView.swift */; };
		424CB7AE37948A478716FC47 /* SettingsView.swift in Sources */ = {isa = PBXBuildFile; fileRef = D771376BDD2506E57485BAB3 /* SettingsView.swift */; };
		4CC18CF0535343AE6EE9F885 /* MailStore.swift in Sources */ = {isa = PBXBuildFile; fileRef = B597D048430A6634B70A88DB /* MailStore.swift */; };
		4E2AF4CA54CFF60CA99689BE /* Account.swift in Sources */ = {isa = PBXBuildFile; fileRef = 51BCA5D1AA98EB2D03736440 /* Account.swift */; };
		51351536E1494BAC3550551E /* AISettingsView.swift in Sources */ = {isa = PBXBuildFile; fileRef = 34AE5B8897D83A21595F3D08 /* AISettingsView.swift */; };
		540A1B82B7DB249AE553FDCD /* YahooCredentialsStore.swift in Sources */ = {isa = PBXBuildFile; fileRef = 4DAD9FBA2FA1F08311768CCC /* YahooCredentialsStore.swift */; };
		64132B9CE1C376B7379F72F5 /* OAuthService.swift in Sources */ = {isa = PBXBuildFile; fileRef = FE1860A8F65B9134EB54FACE /* OAuthService.swift */; };
		65E75CB532F210A695D57A77 /* YahooService.swift in Sources */ = {isa = PBXBuildFile; fileRef = E2B8CFE31781BC4692469556 /* YahooService.swift */; };
		75DFDA1796D1F7B0D297D2D1 /* RemindersService.swift in Sources */ = {isa = PBXBuildFile; fileRef = 8360FBCE436B4CF5619E663C /* RemindersService.swift */; };
		7A271EDB20E0DE6F05A8B606 /* OnboardingView.swift in Sources */ = {isa = PBXBuildFile; fileRef = CB8A63B45DC0E0158966A6B7 /* OnboardingView.swift */; };
		7A4B514B418B4A99113AA1AB /* KeyEventMonitor.swift in Sources */ = {isa = PBXBuildFile; fileRef = 2A39F8BAB8240171A24CEFCF /* KeyEventMonitor.swift */; };
		7BE4C15E54A067B57FE55504 /* PIIScrubber.swift in Sources */ = {isa = PBXBuildFile; fileRef = 8DF39B9A576658B8977EEBB8 /* PIIScrubber.swift */; };
		81BD6A8952DF75AA97D2496C /* InboxGlideApp.swift in Sources */ = {isa = PBXBuildFile; fileRef = 1E31CCCA602FC2FD489F027F /* InboxGlideApp.swift */; };
		83E9CBCF16F72349D2EFFA63 /* EmailMessage.swift in Sources */ = {isa = PBXBuildFile; fileRef = A700FED79871FF27D7C87E13 /* EmailMessage.swift */; };
		8AE6CE9DDFC00E7A507C5441 /* EmailSummaryService.swift in Sources */ = {isa = PBXBuildFile; fileRef = 845D6D8568CE264D1513528D /* EmailSummaryService.swift */; };
		8B3F2A7C577BA06E59D0124C /* GlideAction.swift in Sources */ = {isa = PBXBuildFile; fileRef = 396CBED8A1E438A4FC8F6E43 /* GlideAction.swift */; };
		8C06A70D1302DD9A3738A8AD /* GmailService.swift in Sources */ = {isa = PBXBuildFile; fileRef = 9C973723FAC4B08C2C9F5A13 /* GmailService.swift */; };
		97E64D58CE5E1F8DC2166D00 /* PrivacySettingsView.swift in Sources */ = {isa = PBXBuildFile; fileRef = 3952EC5AFD37182DFA121778 /* PrivacySettingsView.swift */; };
		99BBE1F2E373895DFA4FBEEA /* EmailSummary.swift in Sources */ = {isa = PBXBuildFile; fileRef = B975779EE9A0FB104A8E3EAE /* EmailSummary.swift */; };
		9B5C2277939B0F47E8B02820 /* EmailCardView.swift in Sources */ = {isa = PBXBuildFile; fileRef = FD5F3C81BA6C7B9C59AA1AED /* EmailCardView.swift */; };
		9CD969718268855C713DA7FB /* AIReplyService.swift in Sources */ = {isa = PBXBuildFile; fileRef = ACA36E03968A63874068B9F0 /* AIReplyService.swift */; };
		A0CE54CA4C6904FFC192A011 /* NetworkMonitor.swift in Sources */ = {isa = PBXBuildFile; fileRef = 858E79DA2EAF64220ABEA197 /* NetworkMonitor.swift */; };
		A169E5B90246D50AF08F110D /* ProviderAppPasswordVault.swift in Sources */ = {isa = PBXBuildFile; fileRef = 211A3B65D6F08178366669BE /* ProviderAppPasswordVault.swift */; };
		A63920E4B261CA85EDD61DDC /* GlideSettingsView.swift in Sources */ = {isa = PBXBuildFile; fileRef = F1702C6AA8D6AE0BC7526687 /* GlideSettingsView.swift */; };
		B1946A1222CE9477A19C5015 /* HTMLContentCleaner.swift in Sources */ = {isa = PBXBuildFile; fileRef = 1B8B38DF27B5185C801104DC /* HTMLContentCleaner.swift */; };
		BB3299A6530C5E9DEAFBB9FF /* GmailAuthStore.swift in Sources */ = {isa = PBXBuildFile; fileRef = 5249B7949750D086D8BF0389 /* GmailAuthStore.swift */; };
		BE2B43948491FDBC0C0A674D /* AccountsSettingsView.swift in Sources */ = {isa = PBXBuildFile; fileRef = 057220EE05EE73D78294259B /* AccountsSettingsView.swift */; };
		BF1E83FBB361FFAE8A947564 /* RFC822BodyExtractor.swift in Sources */ = {isa = PBXBuildFile; fileRef = 11455E3F50FBC928910E972F /* RFC822BodyExtractor.swift */; };
		BFE398328E776333F895DDDE /* NotificationsSettingsView.swift in Sources */ = {isa = PBXBuildFile; fileRef = 028F2A1737840B8E47DA14F8 /* NotificationsSettingsView.swift */; };
		BFFB62DD21527E8175A8CC89 /* QueuedMailAction.swift in Sources */ = {isa = PBXBuildFile; fileRef = 0CE6C73F3A76C08EC9A23C7F /* QueuedMailAction.swift */; };
		C3786D52CBD436707DE65F21 /* PreferencesStore.swift in Sources */ = {isa = PBXBuildFile; fileRef = 282FD92E01C2E28FEE4F0388 /* PreferencesStore.swift */; };
		C54A19CB88E10B6684ADCFB7 /* AppearanceSettingsView.swift in Sources */ = {isa = PBXBuildFile; fileRef = 5162C47F778687F50A114C17 /* AppearanceSettingsView.swift */; };
		CD3761FF8B29DD29B9CA2AF5 /* SwiftSoup in Frameworks */ = {isa = PBXBuildFile; productRef = AFF127296D88F7217FF82551 /* SwiftSoup */; };
		CED50871B0C44A39422C692D /* FastmailCredentialsStore.swift in Sources */ = {isa = PBXBuildFile; fileRef = 3ADE7DDE77E2B324B643A4AF /* FastmailCredentialsStore.swift */; };
		D134A8568F066EEC20A52158 /* AppLogger.swift in Sources */ = {isa = PBXBuildFile; fileRef = 05AB28E7B63992D3F357DED8 /* AppLogger.swift */; };
		D238C556B13A031CC7CB52A0 /* NotificationScheduler.swift in Sources */ = {isa = PBXBuildFile; fileRef = B698A3E24B63937145B7550B /* NotificationScheduler.swift */; };
		D70845B6BEEA3ADFFF840D3B /* AppDirectories.swift in Sources */ = {isa = PBXBuildFile; fileRef = 8AE9A3644D31AFE6E8A364C2 /* AppDirectories.swift */; };
		DE60AFA389AD5506A2777B76 /* IMAPNativeClient.swift in Sources */ = {isa = PBXBuildFile; fileRef = B91F0D0E1A723FFA83BC21D4 /* IMAPNativeClient.swift */; };
		E058FC48E00FEDC52EDB34F9 /* FastmailService.swift in Sources */ = {isa = PBXBuildFile; fileRef = 78E5D44CA12969021DEAE98D /* FastmailService.swift */; };
		E86A4E8C7E234801047B740F /* ActionPadView.swift in Sources */ = {isa = PBXBuildFile; fileRef = 23857CF30A40C77CC197739A /* ActionPadView.swift */; };
		F9832AE88CA249CADF5EDA5F /* ProviderInstructionsView.swift in Sources */ = {isa = PBXBuildFile; fileRef = 820A1CF05EA7CBFCA663E654 /* ProviderInstructionsView.swift */; };
		FD98DE3669B0210DB36B57CC /* AccountSetupGuideView.swift in Sources */ = {isa = PBXBuildFile; fileRef = 0C1268C0269B7132A5899341 /* AccountSetupGuideView.swift */; };
		FFBE93EF3DE2B4D1550F7C47 /* RootView.swift in Sources */ = {isa = PBXBuildFile; fileRef = 000D5707AA9BA773EBFC7BCE /* RootView.swift */; };
/* End PBXBuildFile section */

/* Begin PBXFileReference section */
		000D5707AA9BA773EBFC7BCE /* RootView.swift */ = {isa = PBXFileReference; lastKnownFileType = sourcecode.swift; path = RootView.swift; sourceTree = "<group>"; };
		01B644598A77BA09E7C57A75 /* InboxGlide.app */ = {isa = PBXFileReference; explicitFileType = wrapper.application; includeInIndex = 0; path = InboxGlide.app; sourceTree = BUILT_PRODUCTS_DIR; };
		028F2A1737840B8E47DA14F8 /* NotificationsSettingsView.swift */ = {isa = PBXFileReference; lastKnownFileType = sourcecode.swift; path = NotificationsSettingsView.swift; sourceTree = "<group>"; };
		057220EE05EE73D78294259B /* AccountsSettingsView.swift */ = {isa = PBXFileReference; lastKnownFileType = sourcecode.swift; path = AccountsSettingsView.swift; sourceTree = "<group>"; };
		05AB28E7B63992D3F357DED8 /* AppLogger.swift */ = {isa = PBXFileReference; lastKnownFileType = sourcecode.swift; path = AppLogger.swift; sourceTree = "<group>"; };
		0C1268C0269B7132A5899341 /* AccountSetupGuideView.swift */ = {isa = PBXFileReference; lastKnownFileType = sourcecode.swift; path = AccountSetupGuideView.swift; sourceTree = "<group>"; };
		0CE6C73F3A76C08EC9A23C7F /* QueuedMailAction.swift */ = {isa = PBXFileReference; lastKnownFileType = sourcecode.swift; path = QueuedMailAction.swift; sourceTree = "<group>"; };
		11455E3F50FBC928910E972F /* RFC822BodyExtractor.swift */ = {isa = PBXFileReference; lastKnownFileType = sourcecode.swift; path = RFC822BodyExtractor.swift; sourceTree = "<group>"; };
		1B8B38DF27B5185C801104DC /* HTMLContentCleaner.swift */ = {isa = PBXFileReference; lastKnownFileType = sourcecode.swift; path = HTMLContentCleaner.swift; sourceTree = "<group>"; };
		1E31CCCA602FC2FD489F027F /* InboxGlideApp.swift */ = {isa = PBXFileReference; lastKnownFileType = sourcecode.swift; path = InboxGlideApp.swift; sourceTree = "<group>"; };
		211A3B65D6F08178366669BE /* ProviderAppPasswordVault.swift */ = {isa = PBXFileReference; lastKnownFileType = sourcecode.swift; path = ProviderAppPasswordVault.swift; sourceTree = "<group>"; };
		23857CF30A40C77CC197739A /* ActionPadView.swift */ = {isa = PBXFileReference; lastKnownFileType = sourcecode.swift; path = ActionPadView.swift; sourceTree = "<group>"; };
		26887FF1E407D2D7CDECF086 /* DeckView.swift */ = {isa = PBXFileReference; lastKnownFileType = sourcecode.swift; path = DeckView.swift; sourceTree = "<group>"; };
		282FD92E01C2E28FEE4F0388 /* PreferencesStore.swift */ = {isa = PBXFileReference; lastKnownFileType = sourcecode.swift; path = PreferencesStore.swift; sourceTree = "<group>"; };
		2A39F8BAB8240171A24CEFCF /* KeyEventMonitor.swift */ = {isa = PBXFileReference; lastKnownFileType = sourcecode.swift; path = KeyEventMonitor.swift; sourceTree = "<group>"; };
		34AE5B8897D83A21595F3D08 /* AISettingsView.swift */ = {isa = PBXFileReference; lastKnownFileType = sourcecode.swift; path = AISettingsView.swift; sourceTree = "<group>"; };
		3952EC5AFD37182DFA121778 /* PrivacySettingsView.swift */ = {isa = PBXFileReference; lastKnownFileType = sourcecode.swift; path = PrivacySettingsView.swift; sourceTree = "<group>"; };
		396CBED8A1E438A4FC8F6E43 /* GlideAction.swift */ = {isa = PBXFileReference; lastKnownFileType = sourcecode.swift; path = GlideAction.swift; sourceTree = "<group>"; };
		3ADE7DDE77E2B324B643A4AF /* FastmailCredentialsStore.swift */ = {isa = PBXFileReference; lastKnownFileType = sourcecode.swift; path = FastmailCredentialsStore.swift; sourceTree = "<group>"; };
		3F8DBAD779AEDF5D7981DC50 /* GmailOAuthConfig.swift */ = {isa = PBXFileReference; lastKnownFileType = sourcecode.swift; path = GmailOAuthConfig.swift; sourceTree = "<group>"; };
		4DAD9FBA2FA1F08311768CCC /* YahooCredentialsStore.swift */ = {isa = PBXFileReference; lastKnownFileType = sourcecode.swift; path = YahooCredentialsStore.swift; sourceTree = "<group>"; };
		5162C47F778687F50A114C17 /* AppearanceSettingsView.swift */ = {isa = PBXFileReference; lastKnownFileType = sourcecode.swift; path = AppearanceSettingsView.swift; sourceTree = "<group>"; };
		51BCA5D1AA98EB2D03736440 /* Account.swift */ = {isa = PBXFileReference; lastKnownFileType = sourcecode.swift; path = Account.swift; sourceTree = "<group>"; };
		5249B7949750D086D8BF0389 /* GmailAuthStore.swift */ = {isa = PBXFileReference; lastKnownFileType = sourcecode.swift; path = GmailAuthStore.swift; sourceTree = "<group>"; };
		5AF7E24B6580EC6FEF659CAE /* SidebarView.swift */ = {isa = PBXFileReference; lastKnownFileType = sourcecode.swift; path = SidebarView.swift; sourceTree = "<group>"; };
		78E5D44CA12969021DEAE98D /* FastmailService.swift */ = {isa = PBXFileReference; lastKnownFileType = sourcecode.swift; path = FastmailService.swift; sourceTree = "<group>"; };
		820A1CF05EA7CBFCA663E654 /* ProviderInstructionsView.swift */ = {isa = PBXFileReference; lastKnownFileType = sourcecode.swift; path = ProviderInstructionsView.swift; sourceTree = "<group>"; };
		8360FBCE436B4CF5619E663C /* RemindersService.swift */ = {isa = PBXFileReference; lastKnownFileType = sourcecode.swift; path = RemindersService.swift; sourceTree = "<group>"; };
		845D6D8568CE264D1513528D /* EmailSummaryService.swift */ = {isa = PBXFileReference; lastKnownFileType = sourcecode.swift; path = EmailSummaryService.swift; sourceTree = "<group>"; };
		858E79DA2EAF64220ABEA197 /* NetworkMonitor.swift */ = {isa = PBXFileReference; lastKnownFileType = sourcecode.swift; path = NetworkMonitor.swift; sourceTree = "<group>"; };
		86D5940FC4D29E44FECC0F18 /* Keychain.swift */ = {isa = PBXFileReference; lastKnownFileType = sourcecode.swift; path = Keychain.swift; sourceTree = "<group>"; };
		8AE9A3644D31AFE6E8A364C2 /* AppDirectories.swift */ = {isa = PBXFileReference; lastKnownFileType = sourcecode.swift; path = AppDirectories.swift; sourceTree = "<group>"; };
		8DF39B9A576658B8977EEBB8 /* PIIScrubber.swift */ = {isa = PBXFileReference; lastKnownFileType = sourcecode.swift; path = PIIScrubber.swift; sourceTree = "<group>"; };
		9C973723FAC4B08C2C9F5A13 /* GmailService.swift */ = {isa = PBXFileReference; lastKnownFileType = sourcecode.swift; path = GmailService.swift; sourceTree = "<group>"; };
		9FC14234670B98358BD37630 /* ReplyComposerView.swift */ = {isa = PBXFileReference; lastKnownFileType = sourcecode.swift; path = ReplyComposerView.swift; sourceTree = "<group>"; };
		A700FED79871FF27D7C87E13 /* EmailMessage.swift */ = {isa = PBXFileReference; lastKnownFileType = sourcecode.swift; path = EmailMessage.swift; sourceTree = "<group>"; };
		ACA36E03968A63874068B9F0 /* AIReplyService.swift */ = {isa = PBXFileReference; lastKnownFileType = sourcecode.swift; path = AIReplyService.swift; sourceTree = "<group>"; };
		B46A20E5DE8B28573F6A0984 /* Info.plist */ = {isa = PBXFileReference; lastKnownFileType = text.plist; path = Info.plist; sourceTree = "<group>"; };
		B597D048430A6634B70A88DB /* MailStore.swift */ = {isa = PBXFileReference; lastKnownFileType = sourcecode.swift; path = MailStore.swift; sourceTree = "<group>"; };
		B698A3E24B63937145B7550B /* NotificationScheduler.swift */ = {isa = PBXFileReference; lastKnownFileType = sourcecode.swift; path = NotificationScheduler.swift; sourceTree = "<group>"; };
		B82E4899D71A77E2BF76C92A /* GlideDirection.swift */ = {isa = PBXFileReference; lastKnownFileType = sourcecode.swift; path = GlideDirection.swift; sourceTree = "<group>"; };
		B91F0D0E1A723FFA83BC21D4 /* IMAPNativeClient.swift */ = {isa = PBXFileReference; lastKnownFileType = sourcecode.swift; path = IMAPNativeClient.swift; sourceTree = "<group>"; };
		B975779EE9A0FB104A8E3EAE /* EmailSummary.swift */ = {isa = PBXFileReference; lastKnownFileType = sourcecode.swift; path = EmailSummary.swift; sourceTree = "<group>"; };
		CB8A63B45DC0E0158966A6B7 /* OnboardingView.swift */ = {isa = PBXFileReference; lastKnownFileType = sourcecode.swift; path = OnboardingView.swift; sourceTree = "<group>"; };
		D771376BDD2506E57485BAB3 /* SettingsView.swift */ = {isa = PBXFileReference; lastKnownFileType = sourcecode.swift; path = SettingsView.swift; sourceTree = "<group>"; };
		E2B8CFE31781BC4692469556 /* YahooService.swift */ = {isa = PBXFileReference; lastKnownFileType = sourcecode.swift; path = YahooService.swift; sourceTree = "<group>"; };
		E75D43881315E441C67DCB2C /* AppConfig.xcconfig */ = {isa = PBXFileReference; lastKnownFileType = text.xcconfig; path = AppConfig.xcconfig; sourceTree = "<group>"; };
		F1702C6AA8D6AE0BC7526687 /* GlideSettingsView.swift */ = {isa = PBXFileReference; lastKnownFileType = sourcecode.swift; path = GlideSettingsView.swift; sourceTree = "<group>"; };
		FD5F3C81BA6C7B9C59AA1AED /* EmailCardView.swift */ = {isa = PBXFileReference; lastKnownFileType = sourcecode.swift; path = EmailCardView.swift; sourceTree = "<group>"; };
		FE1860A8F65B9134EB54FACE /* OAuthService.swift */ = {isa = PBXFileReference; lastKnownFileType = sourcecode.swift; path = OAuthService.swift; sourceTree = "<group>"; };
/* End PBXFileReference section */

/* Begin PBXFrameworksBuildPhase section */
		1F682F2FE4FE98E4A68D46AB /* Frameworks */ = {
			isa = PBXFrameworksBuildPhase;
			buildActionMask = 2147483647;
			files = (
				CD3761FF8B29DD29B9CA2AF5 /* SwiftSoup in Frameworks */,
			);
			runOnlyForDeploymentPostprocessing = 0;
		};
/* End PBXFrameworksBuildPhase section */

/* Begin PBXGroup section */
		0665D4E18FAC3A19EC937B85 /* InboxGlide */ = {
			isa = PBXGroup;
			children = (
				1E31CCCA602FC2FD489F027F /* InboxGlideApp.swift */,
				B46A20E5DE8B28573F6A0984 /* Info.plist */,
				B61F7C3C0C9FE36F1280ED9F /* Models */,
				70A49E35F13B0AA9591B2950 /* Services */,
				B8640919B8CF51282C99E783 /* Stores */,
				CB8CCE09B1A460ADD341F6AF /* Utilities */,
				7723314230B6CFB69C3128DE /* Views */,
			);
			path = InboxGlide;
			sourceTree = "<group>";
		};
		3F299C4DC3BE81674A0140B7 /* Products */ = {
			isa = PBXGroup;
			children = (
				01B644598A77BA09E7C57A75 /* InboxGlide.app */,
			);
			name = Products;
			sourceTree = "<group>";
		};
		70A49E35F13B0AA9591B2950 /* Services */ = {
			isa = PBXGroup;
			children = (
				ACA36E03968A63874068B9F0 /* AIReplyService.swift */,
				8AE9A3644D31AFE6E8A364C2 /* AppDirectories.swift */,
				05AB28E7B63992D3F357DED8 /* AppLogger.swift */,
				845D6D8568CE264D1513528D /* EmailSummaryService.swift */,
				3ADE7DDE77E2B324B643A4AF /* FastmailCredentialsStore.swift */,
				78E5D44CA12969021DEAE98D /* FastmailService.swift */,
				3F8DBAD779AEDF5D7981DC50 /* GmailOAuthConfig.swift */,
				9C973723FAC4B08C2C9F5A13 /* GmailService.swift */,
				B91F0D0E1A723FFA83BC21D4 /* IMAPNativeClient.swift */,
				86D5940FC4D29E44FECC0F18 /* Keychain.swift */,
				858E79DA2EAF64220ABEA197 /* NetworkMonitor.swift */,
				B698A3E24B63937145B7550B /* NotificationScheduler.swift */,
				FE1860A8F65B9134EB54FACE /* OAuthService.swift */,
				8DF39B9A576658B8977EEBB8 /* PIIScrubber.swift */,
				211A3B65D6F08178366669BE /* ProviderAppPasswordVault.swift */,
				8360FBCE436B4CF5619E663C /* RemindersService.swift */,
				4DAD9FBA2FA1F08311768CCC /* YahooCredentialsStore.swift */,
				E2B8CFE31781BC4692469556 /* YahooService.swift */,
			);
			path = Services;
			sourceTree = "<group>";
		};
		7723314230B6CFB69C3128DE /* Views */ = {
			isa = PBXGroup;
			children = (
				0C1268C0269B7132A5899341 /* AccountSetupGuideView.swift */,
				23857CF30A40C77CC197739A /* ActionPadView.swift */,
				26887FF1E407D2D7CDECF086 /* DeckView.swift */,
				FD5F3C81BA6C7B9C59AA1AED /* EmailCardView.swift */,
				CB8A63B45DC0E0158966A6B7 /* OnboardingView.swift */,
				820A1CF05EA7CBFCA663E654 /* ProviderInstructionsView.swift */,
				9FC14234670B98358BD37630 /* ReplyComposerView.swift */,
				000D5707AA9BA773EBFC7BCE /* RootView.swift */,
				D771376BDD2506E57485BAB3 /* SettingsView.swift */,
				5AF7E24B6580EC6FEF659CAE /* SidebarView.swift */,
				9DED65D6FD095B76A48A664F /* Settings */,
			);
			path = Views;
			sourceTree = "<group>";
		};
		9DED65D6FD095B76A48A664F /* Settings */ = {
			isa = PBXGroup;
			children = (
				057220EE05EE73D78294259B /* AccountsSettingsView.swift */,
				34AE5B8897D83A21595F3D08 /* AISettingsView.swift */,
				5162C47F778687F50A114C17 /* AppearanceSettingsView.swift */,
				F1702C6AA8D6AE0BC7526687 /* GlideSettingsView.swift */,
				028F2A1737840B8E47DA14F8 /* NotificationsSettingsView.swift */,
				3952EC5AFD37182DFA121778 /* PrivacySettingsView.swift */,
			);
			path = Settings;
			sourceTree = "<group>";
		};
		B61F7C3C0C9FE36F1280ED9F /* Models */ = {
			isa = PBXGroup;
			children = (
				51BCA5D1AA98EB2D03736440 /* Account.swift */,
				A700FED79871FF27D7C87E13 /* EmailMessage.swift */,
				B975779EE9A0FB104A8E3EAE /* EmailSummary.swift */,
				396CBED8A1E438A4FC8F6E43 /* GlideAction.swift */,
				B82E4899D71A77E2BF76C92A /* GlideDirection.swift */,
				0CE6C73F3A76C08EC9A23C7F /* QueuedMailAction.swift */,
			);
			path = Models;
			sourceTree = "<group>";
		};
		B8640919B8CF51282C99E783 /* Stores */ = {
			isa = PBXGroup;
			children = (
				5249B7949750D086D8BF0389 /* GmailAuthStore.swift */,
				B597D048430A6634B70A88DB /* MailStore.swift */,
				282FD92E01C2E28FEE4F0388 /* PreferencesStore.swift */,
			);
			path = Stores;
			sourceTree = "<group>";
		};
		CB8CCE09B1A460ADD341F6AF /* Utilities */ = {
			isa = PBXGroup;
			children = (
				1B8B38DF27B5185C801104DC /* HTMLContentCleaner.swift */,
				2A39F8BAB8240171A24CEFCF /* KeyEventMonitor.swift */,
				11455E3F50FBC928910E972F /* RFC822BodyExtractor.swift */,
			);
			path = Utilities;
			sourceTree = "<group>";
		};
		D0FF8FCBF5F1E126B6810D7F = {
			isa = PBXGroup;
			children = (
				FC8489C4FE2386D5B5824B3A /* Config */,
				0665D4E18FAC3A19EC937B85 /* InboxGlide */,
				3F299C4DC3BE81674A0140B7 /* Products */,
			);
			sourceTree = "<group>";
		};
		FC8489C4FE2386D5B5824B3A /* Config */ = {
			isa = PBXGroup;
			children = (
				E75D43881315E441C67DCB2C /* AppConfig.xcconfig */,
			);
			path = Config;
			sourceTree = "<group>";
		};
/* End PBXGroup section */

/* Begin PBXNativeTarget section */
		55B3F8DF0E3F9E171964F2EE /* InboxGlide */ = {
			isa = PBXNativeTarget;
			buildConfigurationList = 403253B74E90639BDB811889 /* Build configuration list for PBXNativeTarget "InboxGlide" */;
			buildPhases = (
				5D3F040B9002DEBBF0D22288 /* Sources */,
				1F682F2FE4FE98E4A68D46AB /* Frameworks */,
			);
			buildRules = (
			);
			dependencies = (
			);
			name = InboxGlide;
			packageProductDependencies = (
				AFF127296D88F7217FF82551 /* SwiftSoup */,
			);
			productName = InboxGlide;
			productReference = 01B644598A77BA09E7C57A75 /* InboxGlide.app */;
			productType = "com.apple.product-type.application";
		};
/* End PBXNativeTarget section */

/* Begin PBXProject section */
		C9E99D9B78DA089858294D9A /* Project object */ = {
			isa = PBXProject;
			attributes = {
				BuildIndependentTargetsInParallel = YES;
				LastUpgradeCheck = 1430;
			};
			buildConfigurationList = 375C99DD57D1D4A27B81CE71 /* Build configuration list for PBXProject "InboxGlide" */;
			compatibilityVersion = "Xcode 14.0";
			developmentRegion = en;
			hasScannedForEncodings = 0;
			knownRegions = (
				Base,
				en,
			);
			mainGroup = D0FF8FCBF5F1E126B6810D7F;
			minimizedProjectReferenceProxies = 1;
			packageReferences = (
				CE2C238A8DACE7D761CF9284 /* XCRemoteSwiftPackageReference "SwiftSoup" */,
			);
			preferredProjectObjectVersion = 77;
			projectDirPath = "";
			projectRoot = "";
			targets = (
				55B3F8DF0E3F9E171964F2EE /* InboxGlide */,
			);
		};
/* End PBXProject section */

/* Begin PBXSourcesBuildPhase section */
		5D3F040B9002DEBBF0D22288 /* Sources */ = {
			isa = PBXSourcesBuildPhase;
			buildActionMask = 2147483647;
			files = (
				9CD969718268855C713DA7FB /* AIReplyService.swift in Sources */,
				51351536E1494BAC3550551E /* AISettingsView.swift in Sources */,
				4E2AF4CA54CFF60CA99689BE /* Account.swift in Sources */,
				FD98DE3669B0210DB36B57CC /* AccountSetupGuideView.swift in Sources */,
				BE2B43948491FDBC0C0A674D /* AccountsSettingsView.swift in Sources */,
				E86A4E8C7E234801047B740F /* ActionPadView.swift in Sources */,
				D70845B6BEEA3ADFFF840D3B /* AppDirectories.swift in Sources */,
				D134A8568F066EEC20A52158 /* AppLogger.swift in Sources */,
				C54A19CB88E10B6684ADCFB7 /* AppearanceSettingsView.swift in Sources */,
				129C9B0C4DE2533D63AC3EC5 /* DeckView.swift in Sources */,
				9B5C2277939B0F47E8B02820 /* EmailCardView.swift in Sources */,
				83E9CBCF16F72349D2EFFA63 /* EmailMessage.swift in Sources */,
				99BBE1F2E373895DFA4FBEEA /* EmailSummary.swift in Sources */,
				8AE6CE9DDFC00E7A507C5441 /* EmailSummaryService.swift in Sources */,
				CED50871B0C44A39422C692D /* FastmailCredentialsStore.swift in Sources */,
				E058FC48E00FEDC52EDB34F9 /* FastmailService.swift in Sources */,
				8B3F2A7C577BA06E59D0124C /* GlideAction.swift in Sources */,
				10C3FC90601D60A18074A481 /* GlideDirection.swift in Sources */,
				A63920E4B261CA85EDD61DDC /* GlideSettingsView.swift in Sources */,
				BB3299A6530C5E9DEAFBB9FF /* GmailAuthStore.swift in Sources */,
				297C14DA4CE9641A2CBF200B /* GmailOAuthConfig.swift in Sources */,
				8C06A70D1302DD9A3738A8AD /* GmailService.swift in Sources */,
				B1946A1222CE9477A19C5015 /* HTMLContentCleaner.swift in Sources */,
				DE60AFA389AD5506A2777B76 /* IMAPNativeClient.swift in Sources */,
				81BD6A8952DF75AA97D2496C /* InboxGlideApp.swift in Sources */,
				7A4B514B418B4A99113AA1AB /* KeyEventMonitor.swift in Sources */,
				0503EF347D265287730D48F3 /* Keychain.swift in Sources */,
				4CC18CF0535343AE6EE9F885 /* MailStore.swift in Sources */,
				A0CE54CA4C6904FFC192A011 /* NetworkMonitor.swift in Sources */,
				D238C556B13A031CC7CB52A0 /* NotificationScheduler.swift in Sources */,
				BFE398328E776333F895DDDE /* NotificationsSettingsView.swift in Sources */,
				64132B9CE1C376B7379F72F5 /* OAuthService.swift in Sources */,
				7A271EDB20E0DE6F05A8B606 /* OnboardingView.swift in Sources */,
				7BE4C15E54A067B57FE55504 /* PIIScrubber.swift in Sources */,
				C3786D52CBD436707DE65F21 /* PreferencesStore.swift in Sources */,
				97E64D58CE5E1F8DC2166D00 /* PrivacySettingsView.swift in Sources */,
				A169E5B90246D50AF08F110D /* ProviderAppPasswordVault.swift in Sources */,
				F9832AE88CA249CADF5EDA5F /* ProviderInstructionsView.swift in Sources */,
				BFFB62DD21527E8175A8CC89 /* QueuedMailAction.swift in Sources */,
				BF1E83FBB361FFAE8A947564 /* RFC822BodyExtractor.swift in Sources */,
				75DFDA1796D1F7B0D297D2D1 /* RemindersService.swift in Sources */,
				0B88CB125F7F9FA13FF2B717 /* ReplyComposerView.swift in Sources */,
				FFBE93EF3DE2B4D1550F7C47 /* RootView.swift in Sources */,
				424CB7AE37948A478716FC47 /* SettingsView.swift in Sources */,
				3AE0EFCFF27DCB35A9E3FB5B /* SidebarView.swift in Sources */,
				540A1B82B7DB249AE553FDCD /* YahooCredentialsStore.swift in Sources */,
				65E75CB532F210A695D57A77 /* YahooService.swift in Sources */,
			);
			runOnlyForDeploymentPostprocessing = 0;
		};
/* End PBXSourcesBuildPhase section */

/* Begin XCBuildConfiguration section */
		2B462A10983AFCE5578D39E1 /* Release */ = {
			isa = XCBuildConfiguration;
			buildSettings = {
				ALWAYS_SEARCH_USER_PATHS = NO;
				CLANG_ANALYZER_NONNULL = YES;
				CLANG_ANALYZER_NUMBER_OBJECT_CONVERSION = YES_AGGRESSIVE;
				CLANG_CXX_LANGUAGE_STANDARD = "gnu++14";
				CLANG_CXX_LIBRARY = "libc++";
				CLANG_ENABLE_MODULES = YES;
				CLANG_ENABLE_OBJC_ARC = YES;
				CLANG_ENABLE_OBJC_WEAK = YES;
				CLANG_WARN_BLOCK_CAPTURE_AUTORELEASING = YES;
				CLANG_WARN_BOOL_CONVERSION = YES;
				CLANG_WARN_COMMA = YES;
				CLANG_WARN_CONSTANT_CONVERSION = YES;
				CLANG_WARN_DEPRECATED_OBJC_IMPLEMENTATIONS = YES;
				CLANG_WARN_DIRECT_OBJC_ISA_USAGE = YES_ERROR;
				CLANG_WARN_DOCUMENTATION_COMMENTS = YES;
				CLANG_WARN_EMPTY_BODY = YES;
				CLANG_WARN_ENUM_CONVERSION = YES;
				CLANG_WARN_INFINITE_RECURSION = YES;
				CLANG_WARN_INT_CONVERSION = YES;
				CLANG_WARN_NON_LITERAL_NULL_CONVERSION = YES;
				CLANG_WARN_OBJC_IMPLICIT_RETAIN_SELF = YES;
				CLANG_WARN_OBJC_LITERAL_CONVERSION = YES;
				CLANG_WARN_OBJC_ROOT_CLASS = YES_ERROR;
				CLANG_WARN_QUOTED_INCLUDE_IN_FRAMEWORK_HEADER = YES;
				CLANG_WARN_RANGE_LOOP_ANALYSIS = YES;
				CLANG_WARN_STRICT_PROTOTYPES = YES;
				CLANG_WARN_SUSPICIOUS_MOVE = YES;
				CLANG_WARN_UNGUARDED_AVAILABILITY = YES_AGGRESSIVE;
				CLANG_WARN_UNREACHABLE_CODE = YES;
				CLANG_WARN__DUPLICATE_METHOD_MATCH = YES;
				COPY_PHASE_STRIP = NO;
				DEBUG_INFORMATION_FORMAT = "dwarf-with-dsym";
				ENABLE_NS_ASSERTIONS = NO;
				ENABLE_STRICT_OBJC_MSGSEND = YES;
				GCC_C_LANGUAGE_STANDARD = gnu11;
				GCC_NO_COMMON_BLOCKS = YES;
				GCC_WARN_64_TO_32_BIT_CONVERSION = YES;
				GCC_WARN_ABOUT_RETURN_TYPE = YES_ERROR;
				GCC_WARN_UNDECLARED_SELECTOR = YES;
				GCC_WARN_UNINITIALIZED_AUTOS = YES_AGGRESSIVE;
				GCC_WARN_UNUSED_FUNCTION = YES;
				GCC_WARN_UNUSED_VARIABLE = YES;
				MTL_ENABLE_DEBUG_INFO = NO;
				MTL_FAST_MATH = YES;
				PRODUCT_NAME = "$(TARGET_NAME)";
				SDKROOT = macosx;
				SWIFT_COMPILATION_MODE = wholemodule;
				SWIFT_OPTIMIZATION_LEVEL = "-O";
				SWIFT_VERSION = 5.0;
			};
			name = Release;
		};
		3EEA892A6AEC4F577CD1FC26 /* Debug */ = {
			isa = XCBuildConfiguration;
			baseConfigurationReference = E75D43881315E441C67DCB2C /* AppConfig.xcconfig */;
			buildSettings = {
				ASSETCATALOG_COMPILER_APPICON_NAME = AppIcon;
				CODE_SIGNING_ALLOWED = NO;
				CODE_SIGNING_REQUIRED = NO;
				CODE_SIGN_IDENTITY = "";
				COMBINE_HIDPI_IMAGES = YES;
				CURRENT_PROJECT_VERSION = 1;
				INFOPLIST_FILE = InboxGlide/Info.plist;
				LD_RUNPATH_SEARCH_PATHS = (
					"$(inherited)",
					"@executable_path/../Frameworks",
				);
				MACOSX_DEPLOYMENT_TARGET = 14.0;
				MARKETING_VERSION = 0.1.0;
				PRODUCT_BUNDLE_IDENTIFIER = com.inboxglide.InboxGlide;
				PRODUCT_NAME = InboxGlide;
				SDKROOT = macosx;
			};
			name = Debug;
		};
		907BB1A3E551E5F17FBED29D /* Release */ = {
			isa = XCBuildConfiguration;
			baseConfigurationReference = E75D43881315E441C67DCB2C /* AppConfig.xcconfig */;
			buildSettings = {
				ASSETCATALOG_COMPILER_APPICON_NAME = AppIcon;
				CODE_SIGNING_ALLOWED = NO;
				CODE_SIGNING_REQUIRED = NO;
				CODE_SIGN_IDENTITY = "";
				COMBINE_HIDPI_IMAGES = YES;
				CURRENT_PROJECT_VERSION = 1;
				INFOPLIST_FILE = InboxGlide/Info.plist;
				LD_RUNPATH_SEARCH_PATHS = (
					"$(inherited)",
					"@executable_path/../Frameworks",
				);
				MACOSX_DEPLOYMENT_TARGET = 14.0;
				MARKETING_VERSION = 0.1.0;
				PRODUCT_BUNDLE_IDENTIFIER = com.inboxglide.InboxGlide;
				PRODUCT_NAME = InboxGlide;
				SDKROOT = macosx;
			};
			name = Release;
		};
		A57CE631912C4E446E3BF893 /* Debug */ = {
			isa = XCBuildConfiguration;
			buildSettings = {
				ALWAYS_SEARCH_USER_PATHS = NO;
				CLANG_ANALYZER_NONNULL = YES;
				CLANG_ANALYZER_NUMBER_OBJECT_CONVERSION = YES_AGGRESSIVE;
				CLANG_CXX_LANGUAGE_STANDARD = "gnu++14";
				CLANG_CXX_LIBRARY = "libc++";
				CLANG_ENABLE_MODULES = YES;
				CLANG_ENABLE_OBJC_ARC = YES;
				CLANG_ENABLE_OBJC_WEAK = YES;
				CLANG_WARN_BLOCK_CAPTURE_AUTORELEASING = YES;
				CLANG_WARN_BOOL_CONVERSION = YES;
				CLANG_WARN_COMMA = YES;
				CLANG_WARN_CONSTANT_CONVERSION = YES;
				CLANG_WARN_DEPRECATED_OBJC_IMPLEMENTATIONS = YES;
				CLANG_WARN_DIRECT_OBJC_ISA_USAGE = YES_ERROR;
				CLANG_WARN_DOCUMENTATION_COMMENTS = YES;
				CLANG_WARN_EMPTY_BODY = YES;
				CLANG_WARN_ENUM_CONVERSION = YES;
				CLANG_WARN_INFINITE_RECURSION = YES;
				CLANG_WARN_INT_CONVERSION = YES;
				CLANG_WARN_NON_LITERAL_NULL_CONVERSION = YES;
				CLANG_WARN_OBJC_IMPLICIT_RETAIN_SELF = YES;
				CLANG_WARN_OBJC_LITERAL_CONVERSION = YES;
				CLANG_WARN_OBJC_ROOT_CLASS = YES_ERROR;
				CLANG_WARN_QUOTED_INCLUDE_IN_FRAMEWORK_HEADER = YES;
				CLANG_WARN_RANGE_LOOP_ANALYSIS = YES;
				CLANG_WARN_STRICT_PROTOTYPES = YES;
				CLANG_WARN_SUSPICIOUS_MOVE = YES;
				CLANG_WARN_UNGUARDED_AVAILABILITY = YES_AGGRESSIVE;
				CLANG_WARN_UNREACHABLE_CODE = YES;
				CLANG_WARN__DUPLICATE_METHOD_MATCH = YES;
				COPY_PHASE_STRIP = NO;
				DEBUG_INFORMATION_FORMAT = dwarf;
				ENABLE_STRICT_OBJC_MSGSEND = YES;
				ENABLE_TESTABILITY = YES;
				GCC_C_LANGUAGE_STANDARD = gnu11;
				GCC_DYNAMIC_NO_PIC = NO;
				GCC_NO_COMMON_BLOCKS = YES;
				GCC_OPTIMIZATION_LEVEL = 0;
				GCC_PREPROCESSOR_DEFINITIONS = (
					"$(inherited)",
					"DEBUG=1",
				);
				GCC_WARN_64_TO_32_BIT_CONVERSION = YES;
				GCC_WARN_ABOUT_RETURN_TYPE = YES_ERROR;
				GCC_WARN_UNDECLARED_SELECTOR = YES;
				GCC_WARN_UNINITIALIZED_AUTOS = YES_AGGRESSIVE;
				GCC_WARN_UNUSED_FUNCTION = YES;
				GCC_WARN_UNUSED_VARIABLE = YES;
				MTL_ENABLE_DEBUG_INFO = INCLUDE_SOURCE;
				MTL_FAST_MATH = YES;
				ONLY_ACTIVE_ARCH = YES;
				PRODUCT_NAME = "$(TARGET_NAME)";
				SDKROOT = macosx;
				SWIFT_ACTIVE_COMPILATION_CONDITIONS = DEBUG;
				SWIFT_OPTIMIZATION_LEVEL = "-Onone";
				SWIFT_VERSION = 5.0;
			};
			name = Debug;
		};
/* End XCBuildConfiguration section */

/* Begin XCConfigurationList section */
		375C99DD57D1D4A27B81CE71 /* Build configuration list for PBXProject "InboxGlide" */ = {
			isa = XCConfigurationList;
			buildConfigurations = (
				A57CE631912C4E446E3BF893 /* Debug */,
				2B462A10983AFCE5578D39E1 /* Release */,
			);
			defaultConfigurationIsVisible = 0;
			defaultConfigurationName = Debug;
		};
		403253B74E90639BDB811889 /* Build configuration list for PBXNativeTarget "InboxGlide" */ = {
			isa = XCConfigurationList;
			buildConfigurations = (
				3EEA892A6AEC4F577CD1FC26 /* Debug */,
				907BB1A3E551E5F17FBED29D /* Release */,
			);
			defaultConfigurationIsVisible = 0;
			defaultConfigurationName = Debug;
		};
/* End XCConfigurationList section */

/* Begin XCRemoteSwiftPackageReference section */
		CE2C238A8DACE7D761CF9284 /* XCRemoteSwiftPackageReference "SwiftSoup" */ = {
			isa = XCRemoteSwiftPackageReference;
			repositoryURL = "https://github.com/scinfu/SwiftSoup.git";
			requirement = {
				kind = upToNextMajorVersion;
				minimumVersion = 2.6.0;
			};
		};
/* End XCRemoteSwiftPackageReference section */

/* Begin XCSwiftPackageProductDependency section */
		AFF127296D88F7217FF82551 /* SwiftSoup */ = {
			isa = XCSwiftPackageProductDependency;
			package = CE2C238A8DACE7D761CF9284 /* XCRemoteSwiftPackageReference "SwiftSoup" */;
			productName = SwiftSoup;
		};
/* End XCSwiftPackageProductDependency section */
	};
	rootObject = C9E99D9B78DA089858294D9A /* Project object */;
}
